
Microsoft Visual Studio Solution File, Format Version 12.00
# Visual Studio Version 16
VisualStudioVersion = 16.0.31424.327
MinimumVisualStudioVersion = 10.0.40219.1
Project("{FAE04EC0-301F-11D3-BF4B-00C04F79EFBC}") = "Calculator App", "Calculator App.csproj", "{B5DD3983-1A88-49AB-8AA0-20EBC7BCAAD2}"
EndProject
Global
	GlobalSection(SolutionConfigurationPlatforms) = preSolution
		Debug|Any CPU = Debug|Any CPU
		Release|Any CPU = Release|Any CPU
	EndGlobalSection
	GlobalSection(ProjectConfigurationPlatforms) = postSolution
		{B5DD3983-1A88-49AB-8AA0-20EBC7BCAAD2}.Debug|Any CPU.ActiveCfg = Debug|Any CPU
		{B5DD3983-1A88-49AB-8AA0-20EBC7BCAAD2}.Debug|Any CPU.Build.0 = Debug|Any CPU
		{B5DD3983-1A88-49AB-8AA0-20EBC7BCAAD2}.Release|Any CPU.ActiveCfg = Release|Any CPU
		{B5DD3983-1A88-49AB-8AA0-20EBC7BCAAD2}.Release|Any CPU.Build.0 = Release|Any CPU
	EndGlobalSection
	GlobalSection(SolutionProperties) = preSolution
		HideSolutionNode = FALSE
	EndGlobalSection
	GlobalSection(ExtensibilityGlobals) = postSolution
		SolutionGuid = {027DA4FA-C468-4A32-96E5-7294DE96DC54}
	EndGlobalSection
EndGlobal
