
Microsoft Visual Studio Solution File, Format Version 12.00
# Visual Studio Version 16
VisualStudioVersion = 16.0.31424.327
MinimumVisualStudioVersion = 10.0.40219.1
Project("{FAE04EC0-301F-11D3-BF4B-00C04F79EFBC}") = "Better Calculator", "Better Calculator.csproj", "{1E8911CC-C5D2-4A73-85BA-E69F976999F7}"
EndProject
Global
	GlobalSection(SolutionConfigurationPlatforms) = preSolution
		Debug|Any CPU = Debug|Any CPU
		Release|Any CPU = Release|Any CPU
	EndGlobalSection
	GlobalSection(ProjectConfigurationPlatforms) = postSolution
		{1E8911CC-C5D2-4A73-85BA-E69F976999F7}.Debug|Any CPU.ActiveCfg = Debug|Any CPU
		{1E8911CC-C5D2-4A73-85BA-E69F976999F7}.Debug|Any CPU.Build.0 = Debug|Any CPU
		{1E8911CC-C5D2-4A73-85BA-E69F976999F7}.Release|Any CPU.ActiveCfg = Release|Any CPU
		{1E8911CC-C5D2-4A73-85BA-E69F976999F7}.Release|Any CPU.Build.0 = Release|Any CPU
	EndGlobalSection
	GlobalSection(SolutionProperties) = preSolution
		HideSolutionNode = FALSE
	EndGlobalSection
	GlobalSection(ExtensibilityGlobals) = postSolution
		SolutionGuid = {5439DBC0-920D-4BFC-9CD5-5536CCA9DA85}
	EndGlobalSection
EndGlobal
